
Microsoft Visual Studio Solution File, Format Version 12.00
# Visual Studio Version 16
VisualStudioVersion = 16.0.29709.97
MinimumVisualStudioVersion = 10.0.40219.1
Project("{9A19103F-16F7-4668-BE54-9A1E7A4F7556}") = "AccountOwnerServer", "AccountOwnerServer\AccountOwnerServer.csproj", "{969C39EA-75A3-4078-A5AC-81505D4F2EBF}"
EndProject
Project("{9A19103F-16F7-4668-BE54-9A1E7A4F7556}") = "LoggerService", "LoggerService\LoggerService.csproj", "{58651EFA-23DC-4AC2-AB32-891E07D01999}"
EndProject
Project("{9A19103F-16F7-4668-BE54-9A1E7A4F7556}") = "Contracts", "Contracts\Contracts.csproj", "{A1D75B87-849A-495D-BC55-E9BA6D526231}"
EndProject
Project("{9A19103F-16F7-4668-BE54-9A1E7A4F7556}") = "Entities", "Entities\Entities.csproj", "{BDD27DD5-00CB-4F97-8201-88EFBB9E5C3E}"
EndProject
Project("{9A19103F-16F7-4668-BE54-9A1E7A4F7556}") = "Repository", "Repository\Repository.csproj", "{D7F06C53-4D5F-4E03-9AB7-7951EFC99819}"
EndProject
Project("{9A19103F-16F7-4668-BE54-9A1E7A4F7556}") = "Tests", "Tests\Tests.csproj", "{CA70BA78-C06F-4C4E-96CE-FE0FD80DED95}"
EndProject
Global
	GlobalSection(SolutionConfigurationPlatforms) = preSolution
		Debug|Any CPU = Debug|Any CPU
		Release|Any CPU = Release|Any CPU
	EndGlobalSection
	GlobalSection(ProjectConfigurationPlatforms) = postSolution
		{969C39EA-75A3-4078-A5AC-81505D4F2EBF}.Debug|Any CPU.ActiveCfg = Debug|Any CPU
		{969C39EA-75A3-4078-A5AC-81505D4F2EBF}.Debug|Any CPU.Build.0 = Debug|Any CPU
		{969C39EA-75A3-4078-A5AC-81505D4F2EBF}.Release|Any CPU.ActiveCfg = Release|Any CPU
		{969C39EA-75A3-4078-A5AC-81505D4F2EBF}.Release|Any CPU.Build.0 = Release|Any CPU
		{58651EFA-23DC-4AC2-AB32-891E07D01999}.Debug|Any CPU.ActiveCfg = Debug|Any CPU
		{58651EFA-23DC-4AC2-AB32-891E07D01999}.Debug|Any CPU.Build.0 = Debug|Any CPU
		{58651EFA-23DC-4AC2-AB32-891E07D01999}.Release|Any CPU.ActiveCfg = Release|Any CPU
		{58651EFA-23DC-4AC2-AB32-891E07D01999}.Release|Any CPU.Build.0 = Release|Any CPU
		{A1D75B87-849A-495D-BC55-E9BA6D526231}.Debug|Any CPU.ActiveCfg = Debug|Any CPU
		{A1D75B87-849A-495D-BC55-E9BA6D526231}.Debug|Any CPU.Build.0 = Debug|Any CPU
		{A1D75B87-849A-495D-BC55-E9BA6D526231}.Release|Any CPU.ActiveCfg = Release|Any CPU
		{A1D75B87-849A-495D-BC55-E9BA6D526231}.Release|Any CPU.Build.0 = Release|Any CPU
		{BDD27DD5-00CB-4F97-8201-88EFBB9E5C3E}.Debug|Any CPU.ActiveCfg = Debug|Any CPU
		{BDD27DD5-00CB-4F97-8201-88EFBB9E5C3E}.Debug|Any CPU.Build.0 = Debug|Any CPU
		{BDD27DD5-00CB-4F97-8201-88EFBB9E5C3E}.Release|Any CPU.ActiveCfg = Release|Any CPU
		{BDD27DD5-00CB-4F97-8201-88EFBB9E5C3E}.Release|Any CPU.Build.0 = Release|Any CPU
		{D7F06C53-4D5F-4E03-9AB7-7951EFC99819}.Debug|Any CPU.ActiveCfg = Debug|Any CPU
		{D7F06C53-4D5F-4E03-9AB7-7951EFC99819}.Debug|Any CPU.Build.0 = Debug|Any CPU
		{D7F06C53-4D5F-4E03-9AB7-7951EFC99819}.Release|Any CPU.ActiveCfg = Release|Any CPU
		{D7F06C53-4D5F-4E03-9AB7-7951EFC99819}.Release|Any CPU.Build.0 = Release|Any CPU
		{CA70BA78-C06F-4C4E-96CE-FE0FD80DED95}.Debug|Any CPU.ActiveCfg = Debug|Any CPU
		{CA70BA78-C06F-4C4E-96CE-FE0FD80DED95}.Debug|Any CPU.Build.0 = Debug|Any CPU
		{CA70BA78-C06F-4C4E-96CE-FE0FD80DED95}.Release|Any CPU.ActiveCfg = Release|Any CPU
		{CA70BA78-C06F-4C4E-96CE-FE0FD80DED95}.Release|Any CPU.Build.0 = Release|Any CPU
	EndGlobalSection
	GlobalSection(SolutionProperties) = preSolution
		HideSolutionNode = FALSE
	EndGlobalSection
	GlobalSection(ExtensibilityGlobals) = postSolution
		SolutionGuid = {347567C4-BA0F-4C6E-8AEF-BFC77C24E638}
	EndGlobalSection
EndGlobal
